// !$*UTF8*$!
{
	archiveVersion = 1;
	classes = {
	};
	objectVersion = 46;
	objects = {

/* Begin PBXBuildFile section */
		BD0D2C0E1255629300127DAD /* SVGParserTest.m in Sources */ = {isa = PBXBuildFile; fileRef = BD8435D8125062EA00C0472D /* SVGParserTest.m */; };
		BD0D2C0F1255629300127DAD /* SVGGroup.m in Sources */ = {isa = PBXBuildFile; fileRef = BD8435DD12506C7000C0472D /* SVGGroup.m */; };
		BD0D2C101255629300127DAD /* SVGParser.m in Sources */ = {isa = PBXBuildFile; fileRef = BD84365A1251AE3D00C0472D /* SVGParser.m */; };
		BD0D2C8412557FA000127DAD /* CoreGraphics.framework in Frameworks */ = {isa = PBXBuildFile; fileRef = BD84363612519CB200C0472D /* CoreGraphics.framework */; };
		BD0D2C8512557FA000127DAD /* Foundation.framework in Frameworks */ = {isa = PBXBuildFile; fileRef = BD3F102E12501A0400ED816C /* Foundation.framework */; };
		BD0D2C8612557FB400127DAD /* CoreGraphics.framework in Frameworks */ = {isa = PBXBuildFile; fileRef = BD84363612519CB200C0472D /* CoreGraphics.framework */; };
		BD0D2C8712557FB400127DAD /* Foundation.framework in Frameworks */ = {isa = PBXBuildFile; fileRef = BD3F102E12501A0400ED816C /* Foundation.framework */; };
		BD0D2CC312559A5100127DAD /* SenTestingKit.framework in Frameworks */ = {isa = PBXBuildFile; fileRef = BD0D2CC212559A5100127DAD /* SenTestingKit.framework */; };
		BD0D2D441259CFCA00127DAD /* SVGRenderer.m in Sources */ = {isa = PBXBuildFile; fileRef = BD0D2D431259CFCA00127DAD /* SVGRenderer.m */; };
		BD0D2D451259CFCA00127DAD /* SVGRenderer.h in Headers */ = {isa = PBXBuildFile; fileRef = BD0D2D421259CFCA00127DAD /* SVGRenderer.h */; };
		BD0D2D461259CFCA00127DAD /* SVGRenderer.m in Sources */ = {isa = PBXBuildFile; fileRef = BD0D2D431259CFCA00127DAD /* SVGRenderer.m */; };
		BD0D2D471259CFCA00127DAD /* SVGRenderer.m in Sources */ = {isa = PBXBuildFile; fileRef = BD0D2D431259CFCA00127DAD /* SVGRenderer.m */; };
		BD0D2D4A125BCDE800127DAD /* SVGShapes.m in Sources */ = {isa = PBXBuildFile; fileRef = BD0D2D49125BCDE800127DAD /* SVGShapes.m */; };
		BD0D2D4B125BCDE800127DAD /* SVGShapes.h in Headers */ = {isa = PBXBuildFile; fileRef = BD0D2D48125BCDE800127DAD /* SVGShapes.h */; };
		BD0D2D4C125BCDE800127DAD /* SVGShapes.m in Sources */ = {isa = PBXBuildFile; fileRef = BD0D2D49125BCDE800127DAD /* SVGShapes.m */; };
		BD0D2D4D125BCDE800127DAD /* SVGShapes.m in Sources */ = {isa = PBXBuildFile; fileRef = BD0D2D49125BCDE800127DAD /* SVGShapes.m */; };
		BD0D2D92125C5D9300127DAD /* SVGStyle.m in Sources */ = {isa = PBXBuildFile; fileRef = BD0D2D91125C5D9300127DAD /* SVGStyle.m */; };
		BD0D2D93125C5D9300127DAD /* SVGStyle.h in Headers */ = {isa = PBXBuildFile; fileRef = BD0D2D90125C5D9300127DAD /* SVGStyle.h */; };
		BD0D2D94125C5D9300127DAD /* SVGStyle.m in Sources */ = {isa = PBXBuildFile; fileRef = BD0D2D91125C5D9300127DAD /* SVGStyle.m */; };
		BD0D2D95125C5D9300127DAD /* SVGStyle.m in Sources */ = {isa = PBXBuildFile; fileRef = BD0D2D91125C5D9300127DAD /* SVGStyle.m */; };
		BD0D2DD9125D2EEE00127DAD /* UIColor-Expanded.m in Sources */ = {isa = PBXBuildFile; fileRef = BD0D2DD8125D2EEE00127DAD /* UIColor-Expanded.m */; };
		BD0D2DDA125D2EEE00127DAD /* UIColor-Expanded.h in Headers */ = {isa = PBXBuildFile; fileRef = BD0D2DD7125D2EEE00127DAD /* UIColor-Expanded.h */; };
		BD0D2DDB125D2EEE00127DAD /* UIColor-Expanded.m in Sources */ = {isa = PBXBuildFile; fileRef = BD0D2DD8125D2EEE00127DAD /* UIColor-Expanded.m */; };
		BD0D2DDC125D2EEE00127DAD /* UIColor-Expanded.m in Sources */ = {isa = PBXBuildFile; fileRef = BD0D2DD8125D2EEE00127DAD /* UIColor-Expanded.m */; };
		BD0D2DDE125D2FC800127DAD /* UIKit.framework in Frameworks */ = {isa = PBXBuildFile; fileRef = BD0D2DDD125D2FC800127DAD /* UIKit.framework */; };
		BD0D2E31125DCCA400127DAD /* SVGTransform.h in Headers */ = {isa = PBXBuildFile; fileRef = BD0D2E2E125DCCA400127DAD /* SVGTransform.h */; };
		BD0D2ECF125FCE5F00127DAD /* SVGRendererTest.m in Sources */ = {isa = PBXBuildFile; fileRef = BD0D2ECE125FCE5F00127DAD /* SVGRendererTest.m */; };
		BD0D2ED0125FCE5F00127DAD /* SVGRendererTest.m in Sources */ = {isa = PBXBuildFile; fileRef = BD0D2ECE125FCE5F00127DAD /* SVGRendererTest.m */; };
		BD0D2ED3125FD32400127DAD /* Utils.m in Sources */ = {isa = PBXBuildFile; fileRef = BD0D2ED2125FD32400127DAD /* Utils.m */; };
		BD0D2ED4125FD32400127DAD /* Utils.m in Sources */ = {isa = PBXBuildFile; fileRef = BD0D2ED2125FD32400127DAD /* Utils.m */; };
		BD3F102F12501A0400ED816C /* Foundation.framework in Frameworks */ = {isa = PBXBuildFile; fileRef = BD3F102E12501A0400ED816C /* Foundation.framework */; };
		BD8435D9125062EA00C0472D /* SVGParserTest.m in Sources */ = {isa = PBXBuildFile; fileRef = BD8435D8125062EA00C0472D /* SVGParserTest.m */; };
		BD8435DE12506C7000C0472D /* SVGGroup.m in Sources */ = {isa = PBXBuildFile; fileRef = BD8435DD12506C7000C0472D /* SVGGroup.m */; };
		BD8435DF12506C7000C0472D /* SVGGroup.h in Headers */ = {isa = PBXBuildFile; fileRef = BD8435DC12506C7000C0472D /* SVGGroup.h */; };
		BD8435E012506C7000C0472D /* SVGGroup.m in Sources */ = {isa = PBXBuildFile; fileRef = BD8435DD12506C7000C0472D /* SVGGroup.m */; };
		BD8435E212519BE000C0472D /* SVGShapes1.h in Headers */ = {isa = PBXBuildFile; fileRef = BD8435E112519BE000C0472D /* SVGShapes1.h */; };
		BD84363712519CB200C0472D /* CoreGraphics.framework in Frameworks */ = {isa = PBXBuildFile; fileRef = BD84363612519CB200C0472D /* CoreGraphics.framework */; };
		BD84365C1251AE3D00C0472D /* SVGParser.m in Sources */ = {isa = PBXBuildFile; fileRef = BD84365A1251AE3D00C0472D /* SVGParser.m */; };
		BD84365D1251AE3D00C0472D /* SVGParser.m in Sources */ = {isa = PBXBuildFile; fileRef = BD84365A1251AE3D00C0472D /* SVGParser.m */; };
		BD84365E1251AE3D00C0472D /* SVGParser.h in Headers */ = {isa = PBXBuildFile; fileRef = BD84365B1251AE3D00C0472D /* SVGParser.h */; };
/* End PBXBuildFile section */

/* Begin PBXContainerItemProxy section */
		BD0D2CB41255914A00127DAD /* PBXContainerItemProxy */ = {
			isa = PBXContainerItemProxy;
			containerPortal = BD3F102012501A0400ED816C /* Project object */;
			proxyType = 1;
			remoteGlobalIDString = BD3F102B12501A0400ED816C;
			remoteInfo = SVGParser;
		};
/* End PBXContainerItemProxy section */

/* Begin PBXFileReference section */
		BD0D2C161255629300127DAD /* SVGUnitTests.octest */ = {isa = PBXFileReference; explicitFileType = wrapper.cfbundle; includeInIndex = 0; path = SVGUnitTests.octest; sourceTree = BUILT_PRODUCTS_DIR; };
		BD0D2C171255629300127DAD /* SVGUnitTests-Info copy.plist */ = {isa = PBXFileReference; lastKnownFileType = text.plist.xml; path = "SVGUnitTests-Info copy.plist"; sourceTree = "<group>"; };
		BD0D2CBE1255967600127DAD /* TestUnitTest-Info.plist */ = {isa = PBXFileReference; lastKnownFileType = text.plist.xml; path = "TestUnitTest-Info.plist"; sourceTree = "<group>"; };
		BD0D2CC212559A5100127DAD /* SenTestingKit.framework */ = {isa = PBXFileReference; lastKnownFileType = wrapper.framework; name = SenTestingKit.framework; path = /Developer/Platforms/iPhoneOS.platform/Developer/SDKs/iPhoneOS4.1.sdk/Developer/Library/Frameworks/SenTestingKit.framework; sourceTree = "<absolute>"; };
		BD0D2D421259CFCA00127DAD /* SVGRenderer.h */ = {isa = PBXFileReference; fileEncoding = 4; lastKnownFileType = sourcecode.c.h; path = SVGRenderer.h; sourceTree = "<group>"; };
		BD0D2D431259CFCA00127DAD /* SVGRenderer.m */ = {isa = PBXFileReference; fileEncoding = 4; lastKnownFileType = sourcecode.c.objc; path = SVGRenderer.m; sourceTree = "<group>"; };
		BD0D2D48125BCDE800127DAD /* SVGShapes.h */ = {isa = PBXFileReference; fileEncoding = 4; lastKnownFileType = sourcecode.c.h; path = SVGShapes.h; sourceTree = "<group>"; };
		BD0D2D49125BCDE800127DAD /* SVGShapes.m */ = {isa = PBXFileReference; fileEncoding = 4; lastKnownFileType = sourcecode.c.objc; path = SVGShapes.m; sourceTree = "<group>"; };
		BD0D2D90125C5D9300127DAD /* SVGStyle.h */ = {isa = PBXFileReference; fileEncoding = 4; lastKnownFileType = sourcecode.c.h; path = SVGStyle.h; sourceTree = "<group>"; };
		BD0D2D91125C5D9300127DAD /* SVGStyle.m */ = {isa = PBXFileReference; fileEncoding = 4; lastKnownFileType = sourcecode.c.objc; path = SVGStyle.m; sourceTree = "<group>"; };
		BD0D2DD7125D2EEE00127DAD /* UIColor-Expanded.h */ = {isa = PBXFileReference; fileEncoding = 4; lastKnownFileType = sourcecode.c.h; path = "UIColor-Expanded.h"; sourceTree = "<group>"; };
		BD0D2DD8125D2EEE00127DAD /* UIColor-Expanded.m */ = {isa = PBXFileReference; fileEncoding = 4; lastKnownFileType = sourcecode.c.objc; path = "UIColor-Expanded.m"; sourceTree = "<group>"; };
		BD0D2DDD125D2FC800127DAD /* UIKit.framework */ = {isa = PBXFileReference; lastKnownFileType = wrapper.framework; name = UIKit.framework; path = System/Library/Frameworks/UIKit.framework; sourceTree = SDKROOT; };
		BD0D2E2E125DCCA400127DAD /* SVGTransform.h */ = {isa = PBXFileReference; fileEncoding = 4; lastKnownFileType = sourcecode.c.h; path = SVGTransform.h; sourceTree = "<group>"; };
		BD0D2ECD125FCE5F00127DAD /* SVGRendererTest.h */ = {isa = PBXFileReference; fileEncoding = 4; lastKnownFileType = sourcecode.c.h; path = SVGRendererTest.h; sourceTree = "<group>"; };
		BD0D2ECE125FCE5F00127DAD /* SVGRendererTest.m */ = {isa = PBXFileReference; fileEncoding = 4; lastKnownFileType = sourcecode.c.objc; path = SVGRendererTest.m; sourceTree = "<group>"; };
		BD0D2ED1125FD32400127DAD /* Utils.h */ = {isa = PBXFileReference; fileEncoding = 4; lastKnownFileType = sourcecode.c.h; path = Utils.h; sourceTree = "<group>"; };
		BD0D2ED2125FD32400127DAD /* Utils.m */ = {isa = PBXFileReference; fileEncoding = 4; lastKnownFileType = sourcecode.c.objc; path = Utils.m; sourceTree = "<group>"; };
		BD3F102C12501A0400ED816C /* libSVGParser.a */ = {isa = PBXFileReference; explicitFileType = archive.ar; includeInIndex = 0; path = libSVGParser.a; sourceTree = BUILT_PRODUCTS_DIR; };
		BD3F102E12501A0400ED816C /* Foundation.framework */ = {isa = PBXFileReference; lastKnownFileType = wrapper.framework; name = Foundation.framework; path = System/Library/Frameworks/Foundation.framework; sourceTree = SDKROOT; };
		BD3F103012501A0400ED816C /* SVGParser_Prefix.pch */ = {isa = PBXFileReference; lastKnownFileType = sourcecode.c.h; path = SVGParser_Prefix.pch; sourceTree = "<group>"; };
		BD8435CE1250627F00C0472D /* SVGUnitTests.octest */ = {isa = PBXFileReference; explicitFileType = wrapper.cfbundle; includeInIndex = 0; path = SVGUnitTests.octest; sourceTree = BUILT_PRODUCTS_DIR; };
		BD8435CF1250627F00C0472D /* SVGUnitTests-Info.plist */ = {isa = PBXFileReference; lastKnownFileType = text.plist.xml; path = "SVGUnitTests-Info.plist"; sourceTree = "<group>"; };
		BD8435D7125062EA00C0472D /* SVGParserTest.h */ = {isa = PBXFileReference; fileEncoding = 4; lastKnownFileType = sourcecode.c.h; path = SVGParserTest.h; sourceTree = "<group>"; };
		BD8435D8125062EA00C0472D /* SVGParserTest.m */ = {isa = PBXFileReference; fileEncoding = 4; lastKnownFileType = sourcecode.c.objc; path = SVGParserTest.m; sourceTree = "<group>"; };
		BD8435DC12506C7000C0472D /* SVGGroup.h */ = {isa = PBXFileReference; fileEncoding = 4; lastKnownFileType = sourcecode.c.h; path = SVGGroup.h; sourceTree = "<group>"; };
		BD8435DD12506C7000C0472D /* SVGGroup.m */ = {isa = PBXFileReference; fileEncoding = 4; lastKnownFileType = sourcecode.c.objc; path = SVGGroup.m; sourceTree = "<group>"; };
		BD8435E112519BE000C0472D /* SVGShapes1.h */ = {isa = PBXFileReference; fileEncoding = 4; lastKnownFileType = sourcecode.c.h; path = SVGShapes1.h; sourceTree = "<group>"; };
		BD84363612519CB200C0472D /* CoreGraphics.framework */ = {isa = PBXFileReference; lastKnownFileType = wrapper.framework; name = CoreGraphics.framework; path = System/Library/Frameworks/CoreGraphics.framework; sourceTree = SDKROOT; };
		BD84365A1251AE3D00C0472D /* SVGParser.m */ = {isa = PBXFileReference; fileEncoding = 4; lastKnownFileType = sourcecode.c.objc; path = SVGParser.m; sourceTree = "<group>"; };
		BD84365B1251AE3D00C0472D /* SVGParser.h */ = {isa = PBXFileReference; fileEncoding = 4; lastKnownFileType = sourcecode.c.h; path = SVGParser.h; sourceTree = "<group>"; };
/* End PBXFileReference section */

/* Begin PBXFrameworksBuildPhase section */
		BD0D2C111255629300127DAD /* Frameworks */ = {
			isa = PBXFrameworksBuildPhase;
			buildActionMask = 2147483647;
			files = (
				BD0D2C8612557FB400127DAD /* CoreGraphics.framework in Frameworks */,
				BD0D2C8712557FB400127DAD /* Foundation.framework in Frameworks */,
				BD0D2CC312559A5100127DAD /* SenTestingKit.framework in Frameworks */,
				BD0D2DDE125D2FC800127DAD /* UIKit.framework in Frameworks */,
			);
			runOnlyForDeploymentPostprocessing = 0;
		};
		BD3F102912501A0400ED816C /* Frameworks */ = {
			isa = PBXFrameworksBuildPhase;
			buildActionMask = 2147483647;
			files = (
				BD3F102F12501A0400ED816C /* Foundation.framework in Frameworks */,
				BD84363712519CB200C0472D /* CoreGraphics.framework in Frameworks */,
			);
			runOnlyForDeploymentPostprocessing = 0;
		};
		BD8435CB1250627F00C0472D /* Frameworks */ = {
			isa = PBXFrameworksBuildPhase;
			buildActionMask = 2147483647;
			files = (
				BD0D2C8412557FA000127DAD /* CoreGraphics.framework in Frameworks */,
				BD0D2C8512557FA000127DAD /* Foundation.framework in Frameworks */,
			);
			runOnlyForDeploymentPostprocessing = 0;
		};
/* End PBXFrameworksBuildPhase section */

/* Begin PBXGroup section */
		BD0D2DD6125D2EB600127DAD /* UIColorUtils */ = {
			isa = PBXGroup;
			children = (
				BD0D2DD7125D2EEE00127DAD /* UIColor-Expanded.h */,
				BD0D2DD8125D2EEE00127DAD /* UIColor-Expanded.m */,
			);
			name = UIColorUtils;
			sourceTree = "<group>";
		};
		BD3F101E12501A0400ED816C = {
			isa = PBXGroup;
			children = (
				BD8435D61250629900C0472D /* UnitTestClasses */,
				BD3F102512501A0400ED816C /* Classes */,
				BD3F102612501A0400ED816C /* Other Sources */,
				BD3F102712501A0400ED816C /* Frameworks */,
				BD3F102D12501A0400ED816C /* Products */,
				BD8435CF1250627F00C0472D /* SVGUnitTests-Info.plist */,
				BD0D2C171255629300127DAD /* SVGUnitTests-Info copy.plist */,
				BD0D2CBE1255967600127DAD /* TestUnitTest-Info.plist */,
				BD0D2CC212559A5100127DAD /* SenTestingKit.framework */,
			);
			sourceTree = "<group>";
		};
		BD3F102512501A0400ED816C /* Classes */ = {
			isa = PBXGroup;
			children = (
				BD0D2DD6125D2EB600127DAD /* UIColorUtils */,
				BD84365B1251AE3D00C0472D /* SVGParser.h */,
				BD84365A1251AE3D00C0472D /* SVGParser.m */,
				BD8435DC12506C7000C0472D /* SVGGroup.h */,
				BD8435DD12506C7000C0472D /* SVGGroup.m */,
				BD8435E112519BE000C0472D /* SVGShapes1.h */,
				BD0D2D421259CFCA00127DAD /* SVGRenderer.h */,
				BD0D2D431259CFCA00127DAD /* SVGRenderer.m */,
				BD0D2D48125BCDE800127DAD /* SVGShapes.h */,
				BD0D2D49125BCDE800127DAD /* SVGShapes.m */,
				BD0D2D90125C5D9300127DAD /* SVGStyle.h */,
				BD0D2D91125C5D9300127DAD /* SVGStyle.m */,
				BD0D2E2E125DCCA400127DAD /* SVGTransform.h */,
			);
			path = Classes;
			sourceTree = "<group>";
		};
		BD3F102612501A0400ED816C /* Other Sources */ = {
			isa = PBXGroup;
			children = (
				BD3F103012501A0400ED816C /* SVGParser_Prefix.pch */,
			);
			name = "Other Sources";
			sourceTree = "<group>";
		};
		BD3F102712501A0400ED816C /* Frameworks */ = {
			isa = PBXGroup;
			children = (
				BD3F102E12501A0400ED816C /* Foundation.framework */,
				BD84363612519CB200C0472D /* CoreGraphics.framework */,
				BD0D2DDD125D2FC800127DAD /* UIKit.framework */,
			);
			name = Frameworks;
			sourceTree = "<group>";
		};
		BD3F102D12501A0400ED816C /* Products */ = {
			isa = PBXGroup;
			children = (
				BD3F102C12501A0400ED816C /* libSVGParser.a */,
				BD8435CE1250627F00C0472D /* SVGUnitTests.octest */,
				BD0D2C161255629300127DAD /* SVGUnitTests.octest */,
			);
			name = Products;
			sourceTree = "<group>";
		};
		BD8435D61250629900C0472D /* UnitTestClasses */ = {
			isa = PBXGroup;
			children = (
				BD8435D7125062EA00C0472D /* SVGParserTest.h */,
				BD8435D8125062EA00C0472D /* SVGParserTest.m */,
				BD0D2ECD125FCE5F00127DAD /* SVGRendererTest.h */,
				BD0D2ECE125FCE5F00127DAD /* SVGRendererTest.m */,
				BD0D2ED1125FD32400127DAD /* Utils.h */,
				BD0D2ED2125FD32400127DAD /* Utils.m */,
			);
			path = UnitTestClasses;
			sourceTree = "<group>";
		};
/* End PBXGroup section */

/* Begin PBXHeadersBuildPhase section */
		BD3F102A12501A0400ED816C /* Headers */ = {
			isa = PBXHeadersBuildPhase;
			buildActionMask = 2147483647;
			files = (
				BD8435DF12506C7000C0472D /* SVGGroup.h in Headers */,
				BD8435E212519BE000C0472D /* SVGShapes1.h in Headers */,
				BD84365E1251AE3D00C0472D /* SVGParser.h in Headers */,
				BD0D2D451259CFCA00127DAD /* SVGRenderer.h in Headers */,
				BD0D2D4B125BCDE800127DAD /* SVGShapes.h in Headers */,
				BD0D2D93125C5D9300127DAD /* SVGStyle.h in Headers */,
				BD0D2DDA125D2EEE00127DAD /* UIColor-Expanded.h in Headers */,
				BD0D2E31125DCCA400127DAD /* SVGTransform.h in Headers */,
			);
			runOnlyForDeploymentPostprocessing = 0;
		};
/* End PBXHeadersBuildPhase section */

/* Begin PBXNativeTarget section */
		BD0D2C0B1255629300127DAD /* SVGUnitTests copy */ = {
			isa = PBXNativeTarget;
			buildConfigurationList = BD0D2C131255629300127DAD /* Build configuration list for PBXNativeTarget "SVGUnitTests copy" */;
			buildPhases = (
				BD0D2C0C1255629300127DAD /* Resources */,
				BD0D2C0D1255629300127DAD /* Sources */,
				BD0D2C111255629300127DAD /* Frameworks */,
			);
			buildRules = (
			);
			dependencies = (
				BD0D2CB51255914A00127DAD /* PBXTargetDependency */,
			);
			name = "SVGUnitTests copy";
			productName = SVGUnitTests;
			productReference = BD0D2C161255629300127DAD /* SVGUnitTests.octest */;
			productType = "com.apple.product-type.bundle";
		};
		BD3F102B12501A0400ED816C /* SVGParser */ = {
			isa = PBXNativeTarget;
			buildConfigurationList = BD3F103312501A0400ED816C /* Build configuration list for PBXNativeTarget "SVGParser" */;
			buildPhases = (
				BD3F102812501A0400ED816C /* Sources */,
				BD3F102912501A0400ED816C /* Frameworks */,
				BD3F102A12501A0400ED816C /* Headers */,
			);
			buildRules = (
			);
			dependencies = (
			);
			name = SVGParser;
			productName = SVGParser;
			productReference = BD3F102C12501A0400ED816C /* libSVGParser.a */;
			productType = "com.apple.product-type.library.static";
		};
		BD8435CD1250627F00C0472D /* SVGUnitTests */ = {
			isa = PBXNativeTarget;
			buildConfigurationList = BD8435D21250628000C0472D /* Build configuration list for PBXNativeTarget "SVGUnitTests" */;
			buildPhases = (
				BD8435C91250627F00C0472D /* Resources */,
				BD8435CA1250627F00C0472D /* Sources */,
				BD8435CB1250627F00C0472D /* Frameworks */,
				BD8435CC1250627F00C0472D /* ShellScript */,
			);
			buildRules = (
			);
			dependencies = (
			);
			name = SVGUnitTests;
			productName = SVGUnitTests;
			productReference = BD8435CE1250627F00C0472D /* SVGUnitTests.octest */;
			productType = "com.apple.product-type.bundle";
		};
/* End PBXNativeTarget section */

/* Begin PBXProject section */
		BD3F102012501A0400ED816C /* Project object */ = {
			isa = PBXProject;
			attributes = {
				ORGANIZATIONNAME = "Coding Ventures";
			};
			buildConfigurationList = BD3F102312501A0400ED816C /* Build configuration list for PBXProject "SVGParser" */;
			compatibilityVersion = "Xcode 3.2";
			developmentRegion = English;
			hasScannedForEncodings = 0;
			knownRegions = (
				en,
			);
			mainGroup = BD3F101E12501A0400ED816C;
			productRefGroup = BD3F102D12501A0400ED816C /* Products */;
			projectDirPath = "";
			projectRoot = "";
			targets = (
				BD3F102B12501A0400ED816C /* SVGParser */,
				BD8435CD1250627F00C0472D /* SVGUnitTests */,
				BD0D2C0B1255629300127DAD /* SVGUnitTests copy */,
			);
		};
/* End PBXProject section */

/* Begin PBXResourcesBuildPhase section */
		BD0D2C0C1255629300127DAD /* Resources */ = {
			isa = PBXResourcesBuildPhase;
			buildActionMask = 2147483647;
			files = (
			);
			runOnlyForDeploymentPostprocessing = 0;
		};
		BD8435C91250627F00C0472D /* Resources */ = {
			isa = PBXResourcesBuildPhase;
			buildActionMask = 2147483647;
			files = (
			);
			runOnlyForDeploymentPostprocessing = 0;
		};
/* End PBXResourcesBuildPhase section */

/* Begin PBXShellScriptBuildPhase section */
		BD8435CC1250627F00C0472D /* ShellScript */ = {
			isa = PBXShellScriptBuildPhase;
			buildActionMask = 2147483647;
			files = (
			);
			inputPaths = (
			);
			outputPaths = (
			);
			runOnlyForDeploymentPostprocessing = 0;
			shellPath = /bin/sh;
			shellScript = "# Run the unit tests in this test bundle.\n\"${SYSTEM_DEVELOPER_DIR}/Tools/RunUnitTests\"\n";
		};
/* End PBXShellScriptBuildPhase section */

/* Begin PBXSourcesBuildPhase section */
		BD0D2C0D1255629300127DAD /* Sources */ = {
			isa = PBXSourcesBuildPhase;
			buildActionMask = 2147483647;
			files = (
				BD0D2C0E1255629300127DAD /* SVGParserTest.m in Sources */,
				BD0D2C0F1255629300127DAD /* SVGGroup.m in Sources */,
				BD0D2C101255629300127DAD /* SVGParser.m in Sources */,
				BD0D2D471259CFCA00127DAD /* SVGRenderer.m in Sources */,
				BD0D2D4D125BCDE800127DAD /* SVGShapes.m in Sources */,
				BD0D2D95125C5D9300127DAD /* SVGStyle.m in Sources */,
				BD0D2DDC125D2EEE00127DAD /* UIColor-Expanded.m in Sources */,
				BD0D2ED0125FCE5F00127DAD /* SVGRendererTest.m in Sources */,
				BD0D2ED4125FD32400127DAD /* Utils.m in Sources */,
			);
			runOnlyForDeploymentPostprocessing = 0;
		};
		BD3F102812501A0400ED816C /* Sources */ = {
			isa = PBXSourcesBuildPhase;
			buildActionMask = 2147483647;
			files = (
				BD8435E012506C7000C0472D /* SVGGroup.m in Sources */,
				BD84365D1251AE3D00C0472D /* SVGParser.m in Sources */,
				BD0D2D461259CFCA00127DAD /* SVGRenderer.m in Sources */,
				BD0D2D4C125BCDE800127DAD /* SVGShapes.m in Sources */,
				BD0D2D94125C5D9300127DAD /* SVGStyle.m in Sources */,
				BD0D2DDB125D2EEE00127DAD /* UIColor-Expanded.m in Sources */,
			);
			runOnlyForDeploymentPostprocessing = 0;
		};
		BD8435CA1250627F00C0472D /* Sources */ = {
			isa = PBXSourcesBuildPhase;
			buildActionMask = 2147483647;
			files = (
				BD8435D9125062EA00C0472D /* SVGParserTest.m in Sources */,
				BD8435DE12506C7000C0472D /* SVGGroup.m in Sources */,
				BD84365C1251AE3D00C0472D /* SVGParser.m in Sources */,
				BD0D2D441259CFCA00127DAD /* SVGRenderer.m in Sources */,
				BD0D2D4A125BCDE800127DAD /* SVGShapes.m in Sources */,
				BD0D2D92125C5D9300127DAD /* SVGStyle.m in Sources */,
				BD0D2DD9125D2EEE00127DAD /* UIColor-Expanded.m in Sources */,
				BD0D2ECF125FCE5F00127DAD /* SVGRendererTest.m in Sources */,
				BD0D2ED3125FD32400127DAD /* Utils.m in Sources */,
			);
			runOnlyForDeploymentPostprocessing = 0;
		};
/* End PBXSourcesBuildPhase section */

/* Begin PBXTargetDependency section */
		BD0D2CB51255914A00127DAD /* PBXTargetDependency */ = {
			isa = PBXTargetDependency;
			target = BD3F102B12501A0400ED816C /* SVGParser */;
			targetProxy = BD0D2CB41255914A00127DAD /* PBXContainerItemProxy */;
		};
/* End PBXTargetDependency section */

/* Begin XCBuildConfiguration section */
		BD0D2C141255629300127DAD /* Debug */ = {
			isa = XCBuildConfiguration;
			buildSettings = {
				ALWAYS_SEARCH_USER_PATHS = NO;
				"CODE_SIGN_IDENTITY[sdk=iphoneos*]" = "";
				COPY_PHASE_STRIP = NO;
				FRAMEWORK_SEARCH_PATHS = (
					"\\\"$(SDKROOT)/Developer/Library/Frameworks\\\"",
					"\\\"$(DEVELOPER_LIBRARY_DIR)/Frameworks\\\"",
					"\"$(SDKROOT)$(DEVELOPER_FRAMEWORKS_DIR)\"",
				);
				GCC_DYNAMIC_NO_PIC = NO;
				GCC_ENABLE_FIX_AND_CONTINUE = NO;
				GCC_ENABLE_OBJC_EXCEPTIONS = YES;
				GCC_OPTIMIZATION_LEVEL = 0;
				INFOPLIST_FILE = "SVGUnitTests-Info copy.plist";
				OTHER_LDFLAGS = (
					"-framework",
					Foundation,
					"-framework",
					SenTestingKit,
					"-framework",
					UIKit,
				);
				PREBINDING = NO;
				PRODUCT_NAME = SVGUnitTests;
				WRAPPER_EXTENSION = octest;
			};
			name = Debug;
		};
		BD0D2C151255629300127DAD /* Release */ = {
			isa = XCBuildConfiguration;
			buildSettings = {
				ALWAYS_SEARCH_USER_PATHS = NO;
				"CODE_SIGN_IDENTITY[sdk=iphoneos*]" = "";
				COPY_PHASE_STRIP = YES;
				DEBUG_INFORMATION_FORMAT = "dwarf-with-dsym";
				FRAMEWORK_SEARCH_PATHS = (
					"\\\"$(SDKROOT)/Developer/Library/Frameworks\\\"",
					"\\\"$(DEVELOPER_LIBRARY_DIR)/Frameworks\\\"",
					"\"$(SDKROOT)$(DEVELOPER_FRAMEWORKS_DIR)\"",
				);
				GCC_ENABLE_FIX_AND_CONTINUE = NO;
				GCC_ENABLE_OBJC_EXCEPTIONS = YES;
				INFOPLIST_FILE = "SVGUnitTests-Info copy.plist";
				OTHER_LDFLAGS = (
					"-framework",
					Foundation,
					"-framework",
					SenTestingKit,
					"-framework",
					UIKit,
				);
				PREBINDING = NO;
				PRODUCT_NAME = SVGUnitTests;
				WRAPPER_EXTENSION = octest;
				ZERO_LINK = NO;
			};
			name = Release;
		};
		BD3F103112501A0400ED816C /* Debug */ = {
			isa = XCBuildConfiguration;
			buildSettings = {
				ARCHS = "$(ARCHS_STANDARD_32_BIT)";
				GCC_C_LANGUAGE_STANDARD = gnu99;
				GCC_OPTIMIZATION_LEVEL = 0;
				GCC_PREPROCESSOR_DEFINITIONS = DEBUG;
				GCC_WARN_ABOUT_RETURN_TYPE = YES;
				GCC_WARN_UNUSED_VARIABLE = YES;
				IPHONEOS_DEPLOYMENT_TARGET = 4.1;
				PREBINDING = NO;
				SDKROOT = iphoneos4.1;
			};
			name = Debug;
		};
		BD3F103212501A0400ED816C /* Release */ = {
			isa = XCBuildConfiguration;
			buildSettings = {
				ARCHS = "$(ARCHS_STANDARD_32_BIT)";
				GCC_C_LANGUAGE_STANDARD = gnu99;
				GCC_WARN_ABOUT_RETURN_TYPE = YES;
				GCC_WARN_UNUSED_VARIABLE = YES;
				IPHONEOS_DEPLOYMENT_TARGET = 4.1;
				PREBINDING = NO;
				SDKROOT = iphoneos4.1;
			};
			name = Release;
		};
		BD3F103412501A0400ED816C /* Debug */ = {
			isa = XCBuildConfiguration;
			buildSettings = {
				ALWAYS_SEARCH_USER_PATHS = NO;
				DSTROOT = /tmp/SVGParser.dst;
				GCC_PRECOMPILE_PREFIX_HEADER = YES;
				GCC_PREFIX_HEADER = SVGParser_Prefix.pch;
				INSTALL_PATH = /usr/local/lib;
				OTHER_LDFLAGS = "-ObjC";
				PRODUCT_NAME = SVGParser;
			};
			name = Debug;
		};
		BD3F103512501A0400ED816C /* Release */ = {
			isa = XCBuildConfiguration;
			buildSettings = {
				ALWAYS_SEARCH_USER_PATHS = NO;
				DSTROOT = /tmp/SVGParser.dst;
				GCC_PRECOMPILE_PREFIX_HEADER = YES;
				GCC_PREFIX_HEADER = SVGParser_Prefix.pch;
				INSTALL_PATH = /usr/local/lib;
				OTHER_LDFLAGS = "-ObjC";
				PRODUCT_NAME = SVGParser;
			};
			name = Release;
		};
		BD8435D01250628000C0472D /* Debug */ = {
			isa = XCBuildConfiguration;
			buildSettings = {
				ALWAYS_SEARCH_USER_PATHS = NO;
				"CODE_SIGN_IDENTITY[sdk=iphoneos*]" = "";
				COPY_PHASE_STRIP = NO;
				FRAMEWORK_SEARCH_PATHS = (
					"\"$(SDKROOT)/Developer/Library/Frameworks\"",
					"\"$(DEVELOPER_LIBRARY_DIR)/Frameworks\"",
				);
				GCC_DYNAMIC_NO_PIC = NO;
				GCC_ENABLE_FIX_AND_CONTINUE = NO;
				GCC_ENABLE_OBJC_EXCEPTIONS = YES;
				GCC_OPTIMIZATION_LEVEL = 0;
				INFOPLIST_FILE = "SVGUnitTests-Info.plist";
				OTHER_LDFLAGS = (
					"-framework",
					Foundation,
					"-framework",
					SenTestingKit,
					"-framework",
					UIKit,
				);
				PREBINDING = NO;
				PRODUCT_NAME = SVGUnitTests;
				WRAPPER_EXTENSION = octest;
			};
			name = Debug;
		};
		BD8435D11250628000C0472D /* Release */ = {
			isa = XCBuildConfiguration;
			buildSettings = {
				ALWAYS_SEARCH_USER_PATHS = NO;
				"CODE_SIGN_IDENTITY[sdk=iphoneos*]" = "";
				COPY_PHASE_STRIP = YES;
				DEBUG_INFORMATION_FORMAT = "dwarf-with-dsym";
				FRAMEWORK_SEARCH_PATHS = (
					"\"$(SDKROOT)/Developer/Library/Frameworks\"",
					"\"$(DEVELOPER_LIBRARY_DIR)/Frameworks\"",
				);
				GCC_ENABLE_FIX_AND_CONTINUE = NO;
				GCC_ENABLE_OBJC_EXCEPTIONS = YES;
				INFOPLIST_FILE = "SVGUnitTests-Info.plist";
				OTHER_LDFLAGS = (
					"-framework",
					Foundation,
					"-framework",
					SenTestingKit,
					"-framework",
					UIKit,
				);
				PREBINDING = NO;
				PRODUCT_NAME = SVGUnitTests;
				WRAPPER_EXTENSION = octest;
				ZERO_LINK = NO;
			};
			name = Release;
		};
/* End XCBuildConfiguration section */

/* Begin XCConfigurationList section */
		BD0D2C131255629300127DAD /* Build configuration list for PBXNativeTarget "SVGUnitTests copy" */ = {
			isa = XCConfigurationList;
			buildConfigurations = (
				BD0D2C141255629300127DAD /* Debug */,
				BD0D2C151255629300127DAD /* Release */,
			);
			defaultConfigurationIsVisible = 0;
			defaultConfigurationName = Release;
		};
		BD3F102312501A0400ED816C /* Build configuration list for PBXProject "SVGParser" */ = {
			isa = XCConfigurationList;
			buildConfigurations = (
				BD3F103112501A0400ED816C /* Debug */,
				BD3F103212501A0400ED816C /* Release */,
			);
			defaultConfigurationIsVisible = 0;
			defaultConfigurationName = Release;
		};
		BD3F103312501A0400ED816C /* Build configuration list for PBXNativeTarget "SVGParser" */ = {
			isa = XCConfigurationList;
			buildConfigurations = (
				BD3F103412501A0400ED816C /* Debug */,
				BD3F103512501A0400ED816C /* Release */,
			);
			defaultConfigurationIsVisible = 0;
			defaultConfigurationName = Release;
		};
		BD8435D21250628000C0472D /* Build configuration list for PBXNativeTarget "SVGUnitTests" */ = {
			isa = XCConfigurationList;
			buildConfigurations = (
				BD8435D01250628000C0472D /* Debug */,
				BD8435D11250628000C0472D /* Release */,
			);
			defaultConfigurationIsVisible = 0;
			defaultConfigurationName = Release;
		};
/* End XCConfigurationList section */
	};
	rootObject = BD3F102012501A0400ED816C /* Project object */;
}
